// !$*UTF8*$!
{
	archiveVersion = 1;
	classes = {
	};
	objectVersion = 46;
	objects = {

/* Begin PBXBuildFile section */
		EB4C7F751EEC975100DFA87F /* ListeningExercise.swift in Sources */ = {isa = PBXBuildFile; fileRef = EB4C7F741EEC975100DFA87F /* ListeningExercise.swift */; };
		EBD656AB1EEC64D0007A8242 /* AppDelegate.swift in Sources */ = {isa = PBXBuildFile; fileRef = EBD656AA1EEC64D0007A8242 /* AppDelegate.swift */; };
		EBD656AD1EEC64D0007A8242 /* ListeningViewController.swift in Sources */ = {isa = PBXBuildFile; fileRef = EBD656AC1EEC64D0007A8242 /* ListeningViewController.swift */; };
		EBD656B01EEC64D0007A8242 /* Main.storyboard in Resources */ = {isa = PBXBuildFile; fileRef = EBD656AE1EEC64D0007A8242 /* Main.storyboard */; };
		EBD656B21EEC64D0007A8242 /* Assets.xcassets in Resources */ = {isa = PBXBuildFile; fileRef = EBD656B11EEC64D0007A8242 /* Assets.xcassets */; };
		EBD656B51EEC64D0007A8242 /* LaunchScreen.storyboard in Resources */ = {isa = PBXBuildFile; fileRef = EBD656B31EEC64D0007A8242 /* LaunchScreen.storyboard */; };
/* End PBXBuildFile section */

/* Begin PBXFileReference section */
		EB4C7F741EEC975100DFA87F /* ListeningExercise.swift */ = {isa = PBXFileReference; fileEncoding = 4; lastKnownFileType = sourcecode.swift; path = ListeningExercise.swift; sourceTree = "<group>"; };
		EBD656A71EEC64D0007A8242 /* Accent.app */ = {isa = PBXFileReference; explicitFileType = wrapper.application; includeInIndex = 0; path = Accent.app; sourceTree = BUILT_PRODUCTS_DIR; };
		EBD656AA1EEC64D0007A8242 /* AppDelegate.swift */ = {isa = PBXFileReference; lastKnownFileType = sourcecode.swift; path = AppDelegate.swift; sourceTree = "<group>"; };
		EBD656AC1EEC64D0007A8242 /* ListeningViewController.swift */ = {isa = PBXFileReference; lastKnownFileType = sourcecode.swift; path = ListeningViewController.swift; sourceTree = "<group>"; };
		EBD656AF1EEC64D0007A8242 /* Base */ = {isa = PBXFileReference; lastKnownFileType = file.storyboard; name = Base; path = Base.lproj/Main.storyboard; sourceTree = "<group>"; };
		EBD656B11EEC64D0007A8242 /* Assets.xcassets */ = {isa = PBXFileReference; lastKnownFileType = folder.assetcatalog; path = Assets.xcassets; sourceTree = "<group>"; };
		EBD656B41EEC64D0007A8242 /* Base */ = {isa = PBXFileReference; lastKnownFileType = file.storyboard; name = Base; path = Base.lproj/LaunchScreen.storyboard; sourceTree = "<group>"; };
		EBD656B61EEC64D0007A8242 /* Info.plist */ = {isa = PBXFileReference; lastKnownFileType = text.plist.xml; path = Info.plist; sourceTree = "<group>"; };
/* End PBXFileReference section */

/* Begin PBXFrameworksBuildPhase section */
		EBD656A41EEC64D0007A8242 /* Frameworks */ = {
			isa = PBXFrameworksBuildPhase;
			buildActionMask = 2147483647;
			files = (
			);
			runOnlyForDeploymentPostprocessing = 0;
		};
/* End PBXFrameworksBuildPhase section */

/* Begin PBXGroup section */
		EBD6569E1EEC64D0007A8242 = {
			isa = PBXGroup;
			children = (
				EBD656A91EEC64D0007A8242 /* Accent */,
				EBD656A81EEC64D0007A8242 /* Products */,
			);
			sourceTree = "<group>";
		};
		EBD656A81EEC64D0007A8242 /* Products */ = {
			isa = PBXGroup;
			children = (
				EBD656A71EEC64D0007A8242 /* Accent.app */,
			);
			name = Products;
			sourceTree = "<group>";
		};
		EBD656A91EEC64D0007A8242 /* Accent */ = {
			isa = PBXGroup;
			children = (
				EBD656AA1EEC64D0007A8242 /* AppDelegate.swift */,
				EBD656AC1EEC64D0007A8242 /* ListeningViewController.swift */,
				EB4C7F741EEC975100DFA87F /* ListeningExercise.swift */,
				EBD656AE1EEC64D0007A8242 /* Main.storyboard */,
				EBD656B11EEC64D0007A8242 /* Assets.xcassets */,
				EBD656B31EEC64D0007A8242 /* LaunchScreen.storyboard */,
				EBD656B61EEC64D0007A8242 /* Info.plist */,
			);
			path = Accent;
			sourceTree = "<group>";
		};
/* End PBXGroup section */

/* Begin PBXNativeTarget section */
		EBD656A61EEC64D0007A8242 /* Accent */ = {
			isa = PBXNativeTarget;
			buildConfigurationList = EBD656B91EEC64D0007A8242 /* Build configuration list for PBXNativeTarget "Accent" */;
			buildPhases = (
				EBD656A31EEC64D0007A8242 /* Sources */,
				EBD656A41EEC64D0007A8242 /* Frameworks */,
				EBD656A51EEC64D0007A8242 /* Resources */,
			);
			buildRules = (
			);
			dependencies = (
			);
			name = Accent;
			productName = Accent;
			productReference = EBD656A71EEC64D0007A8242 /* Accent.app */;
			productType = "com.apple.product-type.application";
		};
/* End PBXNativeTarget section */

/* Begin PBXProject section */
		EBD6569F1EEC64D0007A8242 /* Project object */ = {
			isa = PBXProject;
			attributes = {
				LastSwiftUpdateCheck = 0820;
				LastUpgradeCheck = 0820;
				ORGANIZATIONNAME = "Jack Cook";
				TargetAttributes = {
					EBD656A61EEC64D0007A8242 = {
						CreatedOnToolsVersion = 8.2.1;
						DevelopmentTeam = 59PUM5CV3T;
						ProvisioningStyle = Automatic;
					};
				};
			};
			buildConfigurationList = EBD656A21EEC64D0007A8242 /* Build configuration list for PBXProject "Accent" */;
			compatibilityVersion = "Xcode 3.2";
			developmentRegion = English;
			hasScannedForEncodings = 0;
			knownRegions = (
				en,
				Base,
			);
			mainGroup = EBD6569E1EEC64D0007A8242;
			productRefGroup = EBD656A81EEC64D0007A8242 /* Products */;
			projectDirPath = "";
			projectRoot = "";
			targets = (
				EBD656A61EEC64D0007A8242 /* Accent */,
			);
		};
/* End PBXProject section */

/* Begin PBXResourcesBuildPhase section */
		EBD656A51EEC64D0007A8242 /* Resources */ = {
			isa = PBXResourcesBuildPhase;
			buildActionMask = 2147483647;
			files = (
				EBD656B51EEC64D0007A8242 /* LaunchScreen.storyboard in Resources */,
				EBD656B21EEC64D0007A8242 /* Assets.xcassets in Resources */,
				EBD656B01EEC64D0007A8242 /* Main.storyboard in Resources */,
			);
			runOnlyForDeploymentPostprocessing = 0;
		};
/* End PBXResourcesBuildPhase section */

/* Begin PBXSourcesBuildPhase section */
		EBD656A31EEC64D0007A8242 /* Sources */ = {
			isa = PBXSourcesBuildPhase;
			buildActionMask = 2147483647;
			files = (
				EB4C7F751EEC975100DFA87F /* ListeningExercise.swift in Sources */,
				EBD656AD1EEC64D0007A8242 /* ListeningViewController.swift in Sources */,
				EBD656AB1EEC64D0007A8242 /* AppDelegate.swift in Sources */,
			);
			runOnlyForDeploymentPostprocessing = 0;
		};
/* End PBXSourcesBuildPhase section */

/* Begin PBXVariantGroup section */
		EBD656AE1EEC64D0007A8242 /* Main.storyboard */ = {
			isa = PBXVariantGroup;
			children = (
				EBD656AF1EEC64D0007A8242 /* Base */,
			);
			name = Main.storyboard;
			sourceTree = "<group>";
		};
		EBD656B31EEC64D0007A8242 /* LaunchScreen.storyboard */ = {
			isa = PBXVariantGroup;
			children = (
				EBD656B41EEC64D0007A8242 /* Base */,
			);
			name = LaunchScreen.storyboard;
			sourceTree = "<group>";
		};
/* End PBXVariantGroup section */

/* Begin XCBuildConfiguration section */
		EBD656B71EEC64D0007A8242 /* Debug */ = {
			isa = XCBuildConfiguration;
			buildSettings = {
				ALWAYS_SEARCH_USER_PATHS = NO;
				CLANG_ANALYZER_NONNULL = YES;
				CLANG_CXX_LANGUAGE_STANDARD = "gnu++0x";
				CLANG_CXX_LIBRARY = "libc++";
				CLANG_ENABLE_MODULES = YES;
				CLANG_ENABLE_OBJC_ARC = YES;
				CLANG_WARN_BOOL_CONVERSION = YES;
				CLANG_WARN_CONSTANT_CONVERSION = YES;
				CLANG_WARN_DIRECT_OBJC_ISA_USAGE = YES_ERROR;
				CLANG_WARN_DOCUMENTATION_COMMENTS = YES;
				CLANG_WARN_EMPTY_BODY = YES;
				CLANG_WARN_ENUM_CONVERSION = YES;
				CLANG_WARN_INFINITE_RECURSION = YES;
				CLANG_WARN_INT_CONVERSION = YES;
				CLANG_WARN_OBJC_ROOT_CLASS = YES_ERROR;
				CLANG_WARN_SUSPICIOUS_MOVE = YES;
				CLANG_WARN_UNREACHABLE_CODE = YES;
				CLANG_WARN__DUPLICATE_METHOD_MATCH = YES;
				"CODE_SIGN_IDENTITY[sdk=iphoneos*]" = "iPhone Developer";
				COPY_PHASE_STRIP = NO;
				DEBUG_INFORMATION_FORMAT = dwarf;
				ENABLE_STRICT_OBJC_MSGSEND = YES;
				ENABLE_TESTABILITY = YES;
				GCC_C_LANGUAGE_STANDARD = gnu99;
				GCC_DYNAMIC_NO_PIC = NO;
				GCC_NO_COMMON_BLOCKS = YES;
				GCC_OPTIMIZATION_LEVEL = 0;
				GCC_PREPROCESSOR_DEFINITIONS = (
					"DEBUG=1",
					"$(inherited)",
				);
				GCC_WARN_64_TO_32_BIT_CONVERSION = YES;
				GCC_WARN_ABOUT_RETURN_TYPE = YES_ERROR;
				GCC_WARN_UNDECLARED_SELECTOR = YES;
				GCC_WARN_UNINITIALIZED_AUTOS = YES_AGGRESSIVE;
				GCC_WARN_UNUSED_FUNCTION = YES;
				GCC_WARN_UNUSED_VARIABLE = YES;
				IPHONEOS_DEPLOYMENT_TARGET = 10.2;
				MTL_ENABLE_DEBUG_INFO = YES;
				ONLY_ACTIVE_ARCH = YES;
				SDKROOT = iphoneos;
				SWIFT_ACTIVE_COMPILATION_CONDITIONS = DEBUG;
				SWIFT_OPTIMIZATION_LEVEL = "-Onone";
			};
			name = Debug;
		};
		EBD656B81EEC64D0007A8242 /* Release */ = {
			isa = XCBuildConfiguration;
			buildSettings = {
				ALWAYS_SEARCH_USER_PATHS = NO;
				CLANG_ANALYZER_NONNULL = YES;
				CLANG_CXX_LANGUAGE_STANDARD = "gnu++0x";
				CLANG_CXX_LIBRARY = "libc++";
				CLANG_ENABLE_MODULES = YES;
				CLANG_ENABLE_OBJC_ARC = YES;
				CLANG_WARN_BOOL_CONVERSION = YES;
				CLANG_WARN_CONSTANT_CONVERSION = YES;
				CLANG_WARN_DIRECT_OBJC_ISA_USAGE = YES_ERROR;
				CLANG_WARN_DOCUMENTATION_COMMENTS = YES;
				CLANG_WARN_EMPTY_BODY = YES;
				CLANG_WARN_ENUM_CONVERSION = YES;
				CLANG_WARN_INFINITE_RECURSION = YES;
				CLANG_WARN_INT_CONVERSION = YES;
				CLANG_WARN_OBJC_ROOT_CLASS = YES_ERROR;
				CLANG_WARN_SUSPICIOUS_MOVE = YES;
				CLANG_WARN_UNREACHABLE_CODE = YES;
				CLANG_WARN__DUPLICATE_METHOD_MATCH = YES;
				"CODE_SIGN_IDENTITY[sdk=iphoneos*]" = "iPhone Developer";
				COPY_PHASE_STRIP = NO;
				DEBUG_INFORMATION_FORMAT = "dwarf-with-dsym";
				ENABLE_NS_ASSERTIONS = NO;
				ENABLE_STRICT_OBJC_MSGSEND = YES;
				GCC_C_LANGUAGE_STANDARD = gnu99;
				GCC_NO_COMMON_BLOCKS = YES;
				GCC_WARN_64_TO_32_BIT_CONVERSION = YES;
				GCC_WARN_ABOUT_RETURN_TYPE = YES_ERROR;
				GCC_WARN_UNDECLARED_SELECTOR = YES;
				GCC_WARN_UNINITIALIZED_AUTOS = YES_AGGRESSIVE;
				GCC_WARN_UNUSED_FUNCTION = YES;
				GCC_WARN_UNUSED_VARIABLE = YES;
				IPHONEOS_DEPLOYMENT_TARGET = 10.2;
				MTL_ENABLE_DEBUG_INFO = NO;
				SDKROOT = iphoneos;
				SWIFT_OPTIMIZATION_LEVEL = "-Owholemodule";
				VALIDATE_PRODUCT = YES;
			};
			name = Release;
		};
		EBD656BA1EEC64D0007A8242 /* Debug */ = {
			isa = XCBuildConfiguration;
			buildSettings = {
				ASSETCATALOG_COMPILER_APPICON_NAME = AppIcon;
				DEVELOPMENT_TEAM = 59PUM5CV3T;
				INFOPLIST_FILE = Accent/Info.plist;
				LD_RUNPATH_SEARCH_PATHS = "$(inherited) @executable_path/Frameworks";
				PRODUCT_BUNDLE_IDENTIFIER = nyc.jackcook.Accent;
				PRODUCT_NAME = "$(TARGET_NAME)";
				SWIFT_VERSION = 3.0;
			};
			name = Debug;
		};
		EBD656BB1EEC64D0007A8242 /* Release */ = {
			isa = XCBuildConfiguration;
			buildSettings = {
				ASSETCATALOG_COMPILER_APPICON_NAME = AppIcon;
				DEVELOPMENT_TEAM = 59PUM5CV3T;
				INFOPLIST_FILE = Accent/Info.plist;
				LD_RUNPATH_SEARCH_PATHS = "$(inherited) @executable_path/Frameworks";
				PRODUCT_BUNDLE_IDENTIFIER = nyc.jackcook.Accent;
				PRODUCT_NAME = "$(TARGET_NAME)";
				SWIFT_VERSION = 3.0;
			};
			name = Release;
		};
/* End XCBuildConfiguration section */

/* Begin XCConfigurationList section */
		EBD656A21EEC64D0007A8242 /* Build configuration list for PBXProject "Accent" */ = {
			isa = XCConfigurationList;
			buildConfigurations = (
				EBD656B71EEC64D0007A8242 /* Debug */,
				EBD656B81EEC64D0007A8242 /* Release */,
			);
			defaultConfigurationIsVisible = 0;
			defaultConfigurationName = Release;
		};
		EBD656B91EEC64D0007A8242 /* Build configuration list for PBXNativeTarget "Accent" */ = {
			isa = XCConfigurationList;
			buildConfigurations = (
				EBD656BA1EEC64D0007A8242 /* Debug */,
				EBD656BB1EEC64D0007A8242 /* Release */,
			);
			defaultConfigurationIsVisible = 0;
			defaultConfigurationName = Release;
		};
/* End XCConfigurationList section */
	};
	rootObject = EBD6569F1EEC64D0007A8242 /* Project object */;
}
